
Microsoft Visual Studio Solution File, Format Version 12.00
# Visual Studio Version 17
VisualStudioVersion = 17.0.31903.59
MinimumVisualStudioVersion = 10.0.40219.1
Project("{2150E333-8FDC-42A3-9474-1A3956D46DE8}") = "src", "src", "{827E0CD3-B72D-47B6-A68D-7590B98EB39B}"
EndProject
Project("{FAE04EC0-301F-11D3-BF4B-00C04F79EFBC}") = "MarkItDown.Core", "src\MarkItDown.Core\MarkItDown.Core.csproj", "{A8EBF59C-15FF-40BF-8112-5122C701A99D}"
EndProject
Project("{FAE04EC0-301F-11D3-BF4B-00C04F79EFBC}") = "MarkItDown.Cli", "src\MarkItDown.Cli\MarkItDown.Cli.csproj", "{149FF6E2-A19F-4D3C-B762-11EECFCD2B9A}"
EndProject
Project("{2150E333-8FDC-42A3-9474-1A3956D46DE8}") = "tests", "tests", "{0AB3BF05-4346-4AA6-1389-037BE0695223}"
EndProject
Project("{FAE04EC0-301F-11D3-BF4B-00C04F79EFBC}") = "MarkItDown.Core.Tests", "tests\MarkItDown.Core.Tests\MarkItDown.Core.Tests.csproj", "{D0829ECF-0742-4206-B7BC-4D308DFBBDC0}"
EndProject
Project("{FAE04EC0-301F-11D3-BF4B-00C04F79EFBC}") = "MarkItDown.Cli.Tests", "tests\MarkItDown.Cli.Tests\MarkItDown.Cli.Tests.csproj", "{7193AE3F-A458-4F16-9EFF-5C1D87844B52}"
EndProject
Project("{FAE04EC0-301F-11D3-BF4B-00C04F79EFBC}") = "MarkItDown.Converters.Html", "src\MarkItDown.Converters.Html\MarkItDown.Converters.Html.csproj", "{9DD9CA27-5873-4DB4-BA1E-8C6265A1B747}"
EndProject
Project("{FAE04EC0-301F-11D3-BF4B-00C04F79EFBC}") = "MarkItDown.Converters.Pdf", "src\MarkItDown.Converters.Pdf\MarkItDown.Converters.Pdf.csproj", "{5BD466F3-7CD2-4AC9-B103-AA2EFA8A8210}"
EndProject
Project("{FAE04EC0-301F-11D3-BF4B-00C04F79EFBC}") = "MarkItDown.Converters.Html.Tests", "tests\MarkItDown.Converters.Html.Tests\MarkItDown.Converters.Html.Tests.csproj", "{9346C448-0B81-4348-B812-6F60E7EFE95A}"
EndProject
Project("{FAE04EC0-301F-11D3-BF4B-00C04F79EFBC}") = "MarkItDown.Converters.Pdf.Tests", "tests\MarkItDown.Converters.Pdf.Tests\MarkItDown.Converters.Pdf.Tests.csproj", "{13D1A512-B222-4B49-9B97-6EB45B2D169D}"
EndProject
Project("{FAE04EC0-301F-11D3-BF4B-00C04F79EFBC}") = "MarkItDown.Converters.Office", "src\MarkItDown.Converters.Office\MarkItDown.Converters.Office.csproj", "{7C024123-57E4-47BC-9041-89D3CAEFFD5F}"
EndProject
Project("{FAE04EC0-301F-11D3-BF4B-00C04F79EFBC}") = "MarkItDown.Converters.Office.Tests", "tests\MarkItDown.Converters.Office.Tests\MarkItDown.Converters.Office.Tests.csproj", "{A5642BE8-A3BA-4924-9F7A-15B3EEC7D4CA}"
EndProject
Project("{FAE04EC0-301F-11D3-BF4B-00C04F79EFBC}") = "MarkItDown.Converters.Data", "src\MarkItDown.Converters.Data\MarkItDown.Converters.Data.csproj", "{7799BBDB-4B58-42E7-9A3E-A9B64F8138A4}"
EndProject
Project("{FAE04EC0-301F-11D3-BF4B-00C04F79EFBC}") = "MarkItDown.Converters.Data.Tests", "tests\MarkItDown.Converters.Data.Tests\MarkItDown.Converters.Data.Tests.csproj", "{0C0044D6-BDD9-456C-A471-3BAC0B00361E}"
EndProject
Project("{FAE04EC0-301F-11D3-BF4B-00C04F79EFBC}") = "MarkItDown.Llm", "src\MarkItDown.Llm\MarkItDown.Llm.csproj", "{74CEB59B-2A64-4030-8F86-FC203524AD99}"
EndProject
Project("{FAE04EC0-301F-11D3-BF4B-00C04F79EFBC}") = "MarkItDown.Llm.Tests", "tests\MarkItDown.Llm.Tests\MarkItDown.Llm.Tests.csproj", "{F907710D-FDA5-4966-967E-775EB21F124C}"
EndProject
Project("{FAE04EC0-301F-11D3-BF4B-00C04F79EFBC}") = "MarkItDown.Converters.Media", "src\MarkItDown.Converters.Media\MarkItDown.Converters.Media.csproj", "{E783440E-3026-4340-9860-0692E5A013C2}"
EndProject
Project("{FAE04EC0-301F-11D3-BF4B-00C04F79EFBC}") = "MarkItDown.Converters.Media.Tests", "tests\MarkItDown.Converters.Media.Tests\MarkItDown.Converters.Media.Tests.csproj", "{5FF00B1A-5887-42FC-8AD5-95831263EC86}"
EndProject
Project("{FAE04EC0-301F-11D3-BF4B-00C04F79EFBC}") = "MarkItDown.Converters.Web", "src\MarkItDown.Converters.Web\MarkItDown.Converters.Web.csproj", "{7FD45024-D189-4049-AC22-45D16DB1507F}"
EndProject
Project("{FAE04EC0-301F-11D3-BF4B-00C04F79EFBC}") = "MarkItDown.Converters.Web.Tests", "tests\MarkItDown.Converters.Web.Tests\MarkItDown.Converters.Web.Tests.csproj", "{371925FB-4C14-4252-B7DB-A2394D2BCC44}"
EndProject
Project("{FAE04EC0-301F-11D3-BF4B-00C04F79EFBC}") = "MarkItDown.McpServer", "src\MarkItDown.McpServer\MarkItDown.McpServer.csproj", "{B49BCC49-46B9-4AF0-830B-A10AFAEB00FC}"
EndProject
Project("{FAE04EC0-301F-11D3-BF4B-00C04F79EFBC}") = "MarkItDown.McpServer.Tests", "tests\MarkItDown.McpServer.Tests\MarkItDown.McpServer.Tests.csproj", "{AB6843FC-F632-4182-84D6-5BEF513E4783}"
EndProject
Global
	GlobalSection(SolutionConfigurationPlatforms) = preSolution
		Debug|Any CPU = Debug|Any CPU
		Debug|x64 = Debug|x64
		Debug|x86 = Debug|x86
		Release|Any CPU = Release|Any CPU
		Release|x64 = Release|x64
		Release|x86 = Release|x86
	EndGlobalSection
	GlobalSection(ProjectConfigurationPlatforms) = postSolution
		{A8EBF59C-15FF-40BF-8112-5122C701A99D}.Debug|Any CPU.ActiveCfg = Debug|Any CPU
		{A8EBF59C-15FF-40BF-8112-5122C701A99D}.Debug|Any CPU.Build.0 = Debug|Any CPU
		{A8EBF59C-15FF-40BF-8112-5122C701A99D}.Debug|x64.ActiveCfg = Debug|Any CPU
		{A8EBF59C-15FF-40BF-8112-5122C701A99D}.Debug|x64.Build.0 = Debug|Any CPU
		{A8EBF59C-15FF-40BF-8112-5122C701A99D}.Debug|x86.ActiveCfg = Debug|Any CPU
		{A8EBF59C-15FF-40BF-8112-5122C701A99D}.Debug|x86.Build.0 = Debug|Any CPU
		{A8EBF59C-15FF-40BF-8112-5122C701A99D}.Release|Any CPU.ActiveCfg = Release|Any CPU
		{A8EBF59C-15FF-40BF-8112-5122C701A99D}.Release|Any CPU.Build.0 = Release|Any CPU
		{A8EBF59C-15FF-40BF-8112-5122C701A99D}.Release|x64.ActiveCfg = Release|Any CPU
		{A8EBF59C-15FF-40BF-8112-5122C701A99D}.Release|x64.Build.0 = Release|Any CPU
		{A8EBF59C-15FF-40BF-8112-5122C701A99D}.Release|x86.ActiveCfg = Release|Any CPU
		{A8EBF59C-15FF-40BF-8112-5122C701A99D}.Release|x86.Build.0 = Release|Any CPU
		{149FF6E2-A19F-4D3C-B762-11EECFCD2B9A}.Debug|Any CPU.ActiveCfg = Debug|Any CPU
		{149FF6E2-A19F-4D3C-B762-11EECFCD2B9A}.Debug|Any CPU.Build.0 = Debug|Any CPU
		{149FF6E2-A19F-4D3C-B762-11EECFCD2B9A}.Debug|x64.ActiveCfg = Debug|Any CPU
		{149FF6E2-A19F-4D3C-B762-11EECFCD2B9A}.Debug|x64.Build.0 = Debug|Any CPU
		{149FF6E2-A19F-4D3C-B762-11EECFCD2B9A}.Debug|x86.ActiveCfg = Debug|Any CPU
		{149FF6E2-A19F-4D3C-B762-11EECFCD2B9A}.Debug|x86.Build.0 = Debug|Any CPU
		{149FF6E2-A19F-4D3C-B762-11EECFCD2B9A}.Release|Any CPU.ActiveCfg = Release|Any CPU
		{149FF6E2-A19F-4D3C-B762-11EECFCD2B9A}.Release|Any CPU.Build.0 = Release|Any CPU
		{149FF6E2-A19F-4D3C-B762-11EECFCD2B9A}.Release|x64.ActiveCfg = Release|Any CPU
		{149FF6E2-A19F-4D3C-B762-11EECFCD2B9A}.Release|x64.Build.0 = Release|Any CPU
		{149FF6E2-A19F-4D3C-B762-11EECFCD2B9A}.Release|x86.ActiveCfg = Release|Any CPU
		{149FF6E2-A19F-4D3C-B762-11EECFCD2B9A}.Release|x86.Build.0 = Release|Any CPU
		{D0829ECF-0742-4206-B7BC-4D308DFBBDC0}.Debug|Any CPU.ActiveCfg = Debug|Any CPU
		{D0829ECF-0742-4206-B7BC-4D308DFBBDC0}.Debug|Any CPU.Build.0 = Debug|Any CPU
		{D0829ECF-0742-4206-B7BC-4D308DFBBDC0}.Debug|x64.ActiveCfg = Debug|Any CPU
		{D0829ECF-0742-4206-B7BC-4D308DFBBDC0}.Debug|x64.Build.0 = Debug|Any CPU
		{D0829ECF-0742-4206-B7BC-4D308DFBBDC0}.Debug|x86.ActiveCfg = Debug|Any CPU
		{D0829ECF-0742-4206-B7BC-4D308DFBBDC0}.Debug|x86.Build.0 = Debug|Any CPU
		{D0829ECF-0742-4206-B7BC-4D308DFBBDC0}.Release|Any CPU.ActiveCfg = Release|Any CPU
		{D0829ECF-0742-4206-B7BC-4D308DFBBDC0}.Release|Any CPU.Build.0 = Release|Any CPU
		{D0829ECF-0742-4206-B7BC-4D308DFBBDC0}.Release|x64.ActiveCfg = Release|Any CPU
		{D0829ECF-0742-4206-B7BC-4D308DFBBDC0}.Release|x64.Build.0 = Release|Any CPU
		{D0829ECF-0742-4206-B7BC-4D308DFBBDC0}.Release|x86.ActiveCfg = Release|Any CPU
		{D0829ECF-0742-4206-B7BC-4D308DFBBDC0}.Release|x86.Build.0 = Release|Any CPU
		{7193AE3F-A458-4F16-9EFF-5C1D87844B52}.Debug|Any CPU.ActiveCfg = Debug|Any CPU
		{7193AE3F-A458-4F16-9EFF-5C1D87844B52}.Debug|Any CPU.Build.0 = Debug|Any CPU
		{7193AE3F-A458-4F16-9EFF-5C1D87844B52}.Debug|x64.ActiveCfg = Debug|Any CPU
		{7193AE3F-A458-4F16-9EFF-5C1D87844B52}.Debug|x64.Build.0 = Debug|Any CPU
		{7193AE3F-A458-4F16-9EFF-5C1D87844B52}.Debug|x86.ActiveCfg = Debug|Any CPU
		{7193AE3F-A458-4F16-9EFF-5C1D87844B52}.Debug|x86.Build.0 = Debug|Any CPU
		{7193AE3F-A458-4F16-9EFF-5C1D87844B52}.Release|Any CPU.ActiveCfg = Release|Any CPU
		{7193AE3F-A458-4F16-9EFF-5C1D87844B52}.Release|Any CPU.Build.0 = Release|Any CPU
		{7193AE3F-A458-4F16-9EFF-5C1D87844B52}.Release|x64.ActiveCfg = Release|Any CPU
		{7193AE3F-A458-4F16-9EFF-5C1D87844B52}.Release|x64.Build.0 = Release|Any CPU
		{7193AE3F-A458-4F16-9EFF-5C1D87844B52}.Release|x86.ActiveCfg = Release|Any CPU
		{7193AE3F-A458-4F16-9EFF-5C1D87844B52}.Release|x86.Build.0 = Release|Any CPU
		{9DD9CA27-5873-4DB4-BA1E-8C6265A1B747}.Debug|Any CPU.ActiveCfg = Debug|Any CPU
		{9DD9CA27-5873-4DB4-BA1E-8C6265A1B747}.Debug|Any CPU.Build.0 = Debug|Any CPU
		{9DD9CA27-5873-4DB4-BA1E-8C6265A1B747}.Debug|x64.ActiveCfg = Debug|Any CPU
		{9DD9CA27-5873-4DB4-BA1E-8C6265A1B747}.Debug|x64.Build.0 = Debug|Any CPU
		{9DD9CA27-5873-4DB4-BA1E-8C6265A1B747}.Debug|x86.ActiveCfg = Debug|Any CPU
		{9DD9CA27-5873-4DB4-BA1E-8C6265A1B747}.Debug|x86.Build.0 = Debug|Any CPU
		{9DD9CA27-5873-4DB4-BA1E-8C6265A1B747}.Release|Any CPU.ActiveCfg = Release|Any CPU
		{9DD9CA27-5873-4DB4-BA1E-8C6265A1B747}.Release|Any CPU.Build.0 = Release|Any CPU
		{9DD9CA27-5873-4DB4-BA1E-8C6265A1B747}.Release|x64.ActiveCfg = Release|Any CPU
		{9DD9CA27-5873-4DB4-BA1E-8C6265A1B747}.Release|x64.Build.0 = Release|Any CPU
		{9DD9CA27-5873-4DB4-BA1E-8C6265A1B747}.Release|x86.ActiveCfg = Release|Any CPU
		{9DD9CA27-5873-4DB4-BA1E-8C6265A1B747}.Release|x86.Build.0 = Release|Any CPU
		{5BD466F3-7CD2-4AC9-B103-AA2EFA8A8210}.Debug|Any CPU.ActiveCfg = Debug|Any CPU
		{5BD466F3-7CD2-4AC9-B103-AA2EFA8A8210}.Debug|Any CPU.Build.0 = Debug|Any CPU
		{5BD466F3-7CD2-4AC9-B103-AA2EFA8A8210}.Debug|x64.ActiveCfg = Debug|Any CPU
		{5BD466F3-7CD2-4AC9-B103-AA2EFA8A8210}.Debug|x64.Build.0 = Debug|Any CPU
		{5BD466F3-7CD2-4AC9-B103-AA2EFA8A8210}.Debug|x86.ActiveCfg = Debug|Any CPU
		{5BD466F3-7CD2-4AC9-B103-AA2EFA8A8210}.Debug|x86.Build.0 = Debug|Any CPU
		{5BD466F3-7CD2-4AC9-B103-AA2EFA8A8210}.Release|Any CPU.ActiveCfg = Release|Any CPU
		{5BD466F3-7CD2-4AC9-B103-AA2EFA8A8210}.Release|Any CPU.Build.0 = Release|Any CPU
		{5BD466F3-7CD2-4AC9-B103-AA2EFA8A8210}.Release|x64.ActiveCfg = Release|Any CPU
		{5BD466F3-7CD2-4AC9-B103-AA2EFA8A8210}.Release|x64.Build.0 = Release|Any CPU
		{5BD466F3-7CD2-4AC9-B103-AA2EFA8A8210}.Release|x86.ActiveCfg = Release|Any CPU
		{5BD466F3-7CD2-4AC9-B103-AA2EFA8A8210}.Release|x86.Build.0 = Release|Any CPU
		{9346C448-0B81-4348-B812-6F60E7EFE95A}.Debug|Any CPU.ActiveCfg = Debug|Any CPU
		{9346C448-0B81-4348-B812-6F60E7EFE95A}.Debug|Any CPU.Build.0 = Debug|Any CPU
		{9346C448-0B81-4348-B812-6F60E7EFE95A}.Debug|x64.ActiveCfg = Debug|Any CPU
		{9346C448-0B81-4348-B812-6F60E7EFE95A}.Debug|x64.Build.0 = Debug|Any CPU
		{9346C448-0B81-4348-B812-6F60E7EFE95A}.Debug|x86.ActiveCfg = Debug|Any CPU
		{9346C448-0B81-4348-B812-6F60E7EFE95A}.Debug|x86.Build.0 = Debug|Any CPU
		{9346C448-0B81-4348-B812-6F60E7EFE95A}.Release|Any CPU.ActiveCfg = Release|Any CPU
		{9346C448-0B81-4348-B812-6F60E7EFE95A}.Release|Any CPU.Build.0 = Release|Any CPU
		{9346C448-0B81-4348-B812-6F60E7EFE95A}.Release|x64.ActiveCfg = Release|Any CPU
		{9346C448-0B81-4348-B812-6F60E7EFE95A}.Release|x64.Build.0 = Release|Any CPU
		{9346C448-0B81-4348-B812-6F60E7EFE95A}.Release|x86.ActiveCfg = Release|Any CPU
		{9346C448-0B81-4348-B812-6F60E7EFE95A}.Release|x86.Build.0 = Release|Any CPU
		{13D1A512-B222-4B49-9B97-6EB45B2D169D}.Debug|Any CPU.ActiveCfg = Debug|Any CPU
		{13D1A512-B222-4B49-9B97-6EB45B2D169D}.Debug|Any CPU.Build.0 = Debug|Any CPU
		{13D1A512-B222-4B49-9B97-6EB45B2D169D}.Debug|x64.ActiveCfg = Debug|Any CPU
		{13D1A512-B222-4B49-9B97-6EB45B2D169D}.Debug|x64.Build.0 = Debug|Any CPU
		{13D1A512-B222-4B49-9B97-6EB45B2D169D}.Debug|x86.ActiveCfg = Debug|Any CPU
		{13D1A512-B222-4B49-9B97-6EB45B2D169D}.Debug|x86.Build.0 = Debug|Any CPU
		{13D1A512-B222-4B49-9B97-6EB45B2D169D}.Release|Any CPU.ActiveCfg = Release|Any CPU
		{13D1A512-B222-4B49-9B97-6EB45B2D169D}.Release|Any CPU.Build.0 = Release|Any CPU
		{13D1A512-B222-4B49-9B97-6EB45B2D169D}.Release|x64.ActiveCfg = Release|Any CPU
		{13D1A512-B222-4B49-9B97-6EB45B2D169D}.Release|x64.Build.0 = Release|Any CPU
		{13D1A512-B222-4B49-9B97-6EB45B2D169D}.Release|x86.ActiveCfg = Release|Any CPU
		{13D1A512-B222-4B49-9B97-6EB45B2D169D}.Release|x86.Build.0 = Release|Any CPU
		{7C024123-57E4-47BC-9041-89D3CAEFFD5F}.Debug|Any CPU.ActiveCfg = Debug|Any CPU
		{7C024123-57E4-47BC-9041-89D3CAEFFD5F}.Debug|Any CPU.Build.0 = Debug|Any CPU
		{7C024123-57E4-47BC-9041-89D3CAEFFD5F}.Debug|x64.ActiveCfg = Debug|Any CPU
		{7C024123-57E4-47BC-9041-89D3CAEFFD5F}.Debug|x64.Build.0 = Debug|Any CPU
		{7C024123-57E4-47BC-9041-89D3CAEFFD5F}.Debug|x86.ActiveCfg = Debug|Any CPU
		{7C024123-57E4-47BC-9041-89D3CAEFFD5F}.Debug|x86.Build.0 = Debug|Any CPU
		{7C024123-57E4-47BC-9041-89D3CAEFFD5F}.Release|Any CPU.ActiveCfg = Release|Any CPU
		{7C024123-57E4-47BC-9041-89D3CAEFFD5F}.Release|Any CPU.Build.0 = Release|Any CPU
		{7C024123-57E4-47BC-9041-89D3CAEFFD5F}.Release|x64.ActiveCfg = Release|Any CPU
		{7C024123-57E4-47BC-9041-89D3CAEFFD5F}.Release|x64.Build.0 = Release|Any CPU
		{7C024123-57E4-47BC-9041-89D3CAEFFD5F}.Release|x86.ActiveCfg = Release|Any CPU
		{7C024123-57E4-47BC-9041-89D3CAEFFD5F}.Release|x86.Build.0 = Release|Any CPU
		{A5642BE8-A3BA-4924-9F7A-15B3EEC7D4CA}.Debug|Any CPU.ActiveCfg = Debug|Any CPU
		{A5642BE8-A3BA-4924-9F7A-15B3EEC7D4CA}.Debug|Any CPU.Build.0 = Debug|Any CPU
		{A5642BE8-A3BA-4924-9F7A-15B3EEC7D4CA}.Debug|x64.ActiveCfg = Debug|Any CPU
		{A5642BE8-A3BA-4924-9F7A-15B3EEC7D4CA}.Debug|x64.Build.0 = Debug|Any CPU
		{A5642BE8-A3BA-4924-9F7A-15B3EEC7D4CA}.Debug|x86.ActiveCfg = Debug|Any CPU
		{A5642BE8-A3BA-4924-9F7A-15B3EEC7D4CA}.Debug|x86.Build.0 = Debug|Any CPU
		{A5642BE8-A3BA-4924-9F7A-15B3EEC7D4CA}.Release|Any CPU.ActiveCfg = Release|Any CPU
		{A5642BE8-A3BA-4924-9F7A-15B3EEC7D4CA}.Release|Any CPU.Build.0 = Release|Any CPU
		{A5642BE8-A3BA-4924-9F7A-15B3EEC7D4CA}.Release|x64.ActiveCfg = Release|Any CPU
		{A5642BE8-A3BA-4924-9F7A-15B3EEC7D4CA}.Release|x64.Build.0 = Release|Any CPU
		{A5642BE8-A3BA-4924-9F7A-15B3EEC7D4CA}.Release|x86.ActiveCfg = Release|Any CPU
		{A5642BE8-A3BA-4924-9F7A-15B3EEC7D4CA}.Release|x86.Build.0 = Release|Any CPU
		{7799BBDB-4B58-42E7-9A3E-A9B64F8138A4}.Debug|Any CPU.ActiveCfg = Debug|Any CPU
		{7799BBDB-4B58-42E7-9A3E-A9B64F8138A4}.Debug|Any CPU.Build.0 = Debug|Any CPU
		{7799BBDB-4B58-42E7-9A3E-A9B64F8138A4}.Debug|x64.ActiveCfg = Debug|Any CPU
		{7799BBDB-4B58-42E7-9A3E-A9B64F8138A4}.Debug|x64.Build.0 = Debug|Any CPU
		{7799BBDB-4B58-42E7-9A3E-A9B64F8138A4}.Debug|x86.ActiveCfg = Debug|Any CPU
		{7799BBDB-4B58-42E7-9A3E-A9B64F8138A4}.Debug|x86.Build.0 = Debug|Any CPU
		{7799BBDB-4B58-42E7-9A3E-A9B64F8138A4}.Release|Any CPU.ActiveCfg = Release|Any CPU
		{7799BBDB-4B58-42E7-9A3E-A9B64F8138A4}.Release|Any CPU.Build.0 = Release|Any CPU
		{7799BBDB-4B58-42E7-9A3E-A9B64F8138A4}.Release|x64.ActiveCfg = Release|Any CPU
		{7799BBDB-4B58-42E7-9A3E-A9B64F8138A4}.Release|x64.Build.0 = Release|Any CPU
		{7799BBDB-4B58-42E7-9A3E-A9B64F8138A4}.Release|x86.ActiveCfg = Release|Any CPU
		{7799BBDB-4B58-42E7-9A3E-A9B64F8138A4}.Release|x86.Build.0 = Release|Any CPU
		{0C0044D6-BDD9-456C-A471-3BAC0B00361E}.Debug|Any CPU.ActiveCfg = Debug|Any CPU
		{0C0044D6-BDD9-456C-A471-3BAC0B00361E}.Debug|Any CPU.Build.0 = Debug|Any CPU
		{0C0044D6-BDD9-456C-A471-3BAC0B00361E}.Debug|x64.ActiveCfg = Debug|Any CPU
		{0C0044D6-BDD9-456C-A471-3BAC0B00361E}.Debug|x64.Build.0 = Debug|Any CPU
		{0C0044D6-BDD9-456C-A471-3BAC0B00361E}.Debug|x86.ActiveCfg = Debug|Any CPU
		{0C0044D6-BDD9-456C-A471-3BAC0B00361E}.Debug|x86.Build.0 = Debug|Any CPU
		{0C0044D6-BDD9-456C-A471-3BAC0B00361E}.Release|Any CPU.ActiveCfg = Release|Any CPU
		{0C0044D6-BDD9-456C-A471-3BAC0B00361E}.Release|Any CPU.Build.0 = Release|Any CPU
		{0C0044D6-BDD9-456C-A471-3BAC0B00361E}.Release|x64.ActiveCfg = Release|Any CPU
		{0C0044D6-BDD9-456C-A471-3BAC0B00361E}.Release|x64.Build.0 = Release|Any CPU
		{0C0044D6-BDD9-456C-A471-3BAC0B00361E}.Release|x86.ActiveCfg = Release|Any CPU
		{0C0044D6-BDD9-456C-A471-3BAC0B00361E}.Release|x86.Build.0 = Release|Any CPU
		{74CEB59B-2A64-4030-8F86-FC203524AD99}.Debug|Any CPU.ActiveCfg = Debug|Any CPU
		{74CEB59B-2A64-4030-8F86-FC203524AD99}.Debug|Any CPU.Build.0 = Debug|Any CPU
		{74CEB59B-2A64-4030-8F86-FC203524AD99}.Debug|x64.ActiveCfg = Debug|Any CPU
		{74CEB59B-2A64-4030-8F86-FC203524AD99}.Debug|x64.Build.0 = Debug|Any CPU
		{74CEB59B-2A64-4030-8F86-FC203524AD99}.Debug|x86.ActiveCfg = Debug|Any CPU
		{74CEB59B-2A64-4030-8F86-FC203524AD99}.Debug|x86.Build.0 = Debug|Any CPU
		{74CEB59B-2A64-4030-8F86-FC203524AD99}.Release|Any CPU.ActiveCfg = Release|Any CPU
		{74CEB59B-2A64-4030-8F86-FC203524AD99}.Release|Any CPU.Build.0 = Release|Any CPU
		{74CEB59B-2A64-4030-8F86-FC203524AD99}.Release|x64.ActiveCfg = Release|Any CPU
		{74CEB59B-2A64-4030-8F86-FC203524AD99}.Release|x64.Build.0 = Release|Any CPU
		{74CEB59B-2A64-4030-8F86-FC203524AD99}.Release|x86.ActiveCfg = Release|Any CPU
		{74CEB59B-2A64-4030-8F86-FC203524AD99}.Release|x86.Build.0 = Release|Any CPU
		{F907710D-FDA5-4966-967E-775EB21F124C}.Debug|Any CPU.ActiveCfg = Debug|Any CPU
		{F907710D-FDA5-4966-967E-775EB21F124C}.Debug|Any CPU.Build.0 = Debug|Any CPU
		{F907710D-FDA5-4966-967E-775EB21F124C}.Debug|x64.ActiveCfg = Debug|Any CPU
		{F907710D-FDA5-4966-967E-775EB21F124C}.Debug|x64.Build.0 = Debug|Any CPU
		{F907710D-FDA5-4966-967E-775EB21F124C}.Debug|x86.ActiveCfg = Debug|Any CPU
		{F907710D-FDA5-4966-967E-775EB21F124C}.Debug|x86.Build.0 = Debug|Any CPU
		{F907710D-FDA5-4966-967E-775EB21F124C}.Release|Any CPU.ActiveCfg = Release|Any CPU
		{F907710D-FDA5-4966-967E-775EB21F124C}.Release|Any CPU.Build.0 = Release|Any CPU
		{F907710D-FDA5-4966-967E-775EB21F124C}.Release|x64.ActiveCfg = Release|Any CPU
		{F907710D-FDA5-4966-967E-775EB21F124C}.Release|x64.Build.0 = Release|Any CPU
		{F907710D-FDA5-4966-967E-775EB21F124C}.Release|x86.ActiveCfg = Release|Any CPU
		{F907710D-FDA5-4966-967E-775EB21F124C}.Release|x86.Build.0 = Release|Any CPU
		{E783440E-3026-4340-9860-0692E5A013C2}.Debug|Any CPU.ActiveCfg = Debug|Any CPU
		{E783440E-3026-4340-9860-0692E5A013C2}.Debug|Any CPU.Build.0 = Debug|Any CPU
		{E783440E-3026-4340-9860-0692E5A013C2}.Debug|x64.ActiveCfg = Debug|Any CPU
		{E783440E-3026-4340-9860-0692E5A013C2}.Debug|x64.Build.0 = Debug|Any CPU
		{E783440E-3026-4340-9860-0692E5A013C2}.Debug|x86.ActiveCfg = Debug|Any CPU
		{E783440E-3026-4340-9860-0692E5A013C2}.Debug|x86.Build.0 = Debug|Any CPU
		{E783440E-3026-4340-9860-0692E5A013C2}.Release|Any CPU.ActiveCfg = Release|Any CPU
		{E783440E-3026-4340-9860-0692E5A013C2}.Release|Any CPU.Build.0 = Release|Any CPU
		{E783440E-3026-4340-9860-0692E5A013C2}.Release|x64.ActiveCfg = Release|Any CPU
		{E783440E-3026-4340-9860-0692E5A013C2}.Release|x64.Build.0 = Release|Any CPU
		{E783440E-3026-4340-9860-0692E5A013C2}.Release|x86.ActiveCfg = Release|Any CPU
		{E783440E-3026-4340-9860-0692E5A013C2}.Release|x86.Build.0 = Release|Any CPU
		{5FF00B1A-5887-42FC-8AD5-95831263EC86}.Debug|Any CPU.ActiveCfg = Debug|Any CPU
		{5FF00B1A-5887-42FC-8AD5-95831263EC86}.Debug|Any CPU.Build.0 = Debug|Any CPU
		{5FF00B1A-5887-42FC-8AD5-95831263EC86}.Debug|x64.ActiveCfg = Debug|Any CPU
		{5FF00B1A-5887-42FC-8AD5-95831263EC86}.Debug|x64.Build.0 = Debug|Any CPU
		{5FF00B1A-5887-42FC-8AD5-95831263EC86}.Debug|x86.ActiveCfg = Debug|Any CPU
		{5FF00B1A-5887-42FC-8AD5-95831263EC86}.Debug|x86.Build.0 = Debug|Any CPU
		{5FF00B1A-5887-42FC-8AD5-95831263EC86}.Release|Any CPU.ActiveCfg = Release|Any CPU
		{5FF00B1A-5887-42FC-8AD5-95831263EC86}.Release|Any CPU.Build.0 = Release|Any CPU
		{5FF00B1A-5887-42FC-8AD5-95831263EC86}.Release|x64.ActiveCfg = Release|Any CPU
		{5FF00B1A-5887-42FC-8AD5-95831263EC86}.Release|x64.Build.0 = Release|Any CPU
		{5FF00B1A-5887-42FC-8AD5-95831263EC86}.Release|x86.ActiveCfg = Release|Any CPU
		{5FF00B1A-5887-42FC-8AD5-95831263EC86}.Release|x86.Build.0 = Release|Any CPU
		{7FD45024-D189-4049-AC22-45D16DB1507F}.Debug|Any CPU.ActiveCfg = Debug|Any CPU
		{7FD45024-D189-4049-AC22-45D16DB1507F}.Debug|Any CPU.Build.0 = Debug|Any CPU
		{7FD45024-D189-4049-AC22-45D16DB1507F}.Debug|x64.ActiveCfg = Debug|Any CPU
		{7FD45024-D189-4049-AC22-45D16DB1507F}.Debug|x64.Build.0 = Debug|Any CPU
		{7FD45024-D189-4049-AC22-45D16DB1507F}.Debug|x86.ActiveCfg = Debug|Any CPU
		{7FD45024-D189-4049-AC22-45D16DB1507F}.Debug|x86.Build.0 = Debug|Any CPU
		{7FD45024-D189-4049-AC22-45D16DB1507F}.Release|Any CPU.ActiveCfg = Release|Any CPU
		{7FD45024-D189-4049-AC22-45D16DB1507F}.Release|Any CPU.Build.0 = Release|Any CPU
		{7FD45024-D189-4049-AC22-45D16DB1507F}.Release|x64.ActiveCfg = Release|Any CPU
		{7FD45024-D189-4049-AC22-45D16DB1507F}.Release|x64.Build.0 = Release|Any CPU
		{7FD45024-D189-4049-AC22-45D16DB1507F}.Release|x86.ActiveCfg = Release|Any CPU
		{7FD45024-D189-4049-AC22-45D16DB1507F}.Release|x86.Build.0 = Release|Any CPU
		{371925FB-4C14-4252-B7DB-A2394D2BCC44}.Debug|Any CPU.ActiveCfg = Debug|Any CPU
		{371925FB-4C14-4252-B7DB-A2394D2BCC44}.Debug|Any CPU.Build.0 = Debug|Any CPU
		{371925FB-4C14-4252-B7DB-A2394D2BCC44}.Debug|x64.ActiveCfg = Debug|Any CPU
		{371925FB-4C14-4252-B7DB-A2394D2BCC44}.Debug|x64.Build.0 = Debug|Any CPU
		{371925FB-4C14-4252-B7DB-A2394D2BCC44}.Debug|x86.ActiveCfg = Debug|Any CPU
		{371925FB-4C14-4252-B7DB-A2394D2BCC44}.Debug|x86.Build.0 = Debug|Any CPU
		{371925FB-4C14-4252-B7DB-A2394D2BCC44}.Release|Any CPU.ActiveCfg = Release|Any CPU
		{371925FB-4C14-4252-B7DB-A2394D2BCC44}.Release|Any CPU.Build.0 = Release|Any CPU
		{371925FB-4C14-4252-B7DB-A2394D2BCC44}.Release|x64.ActiveCfg = Release|Any CPU
		{371925FB-4C14-4252-B7DB-A2394D2BCC44}.Release|x64.Build.0 = Release|Any CPU
		{371925FB-4C14-4252-B7DB-A2394D2BCC44}.Release|x86.ActiveCfg = Release|Any CPU
		{371925FB-4C14-4252-B7DB-A2394D2BCC44}.Release|x86.Build.0 = Release|Any CPU
		{B49BCC49-46B9-4AF0-830B-A10AFAEB00FC}.Debug|Any CPU.ActiveCfg = Debug|Any CPU
		{B49BCC49-46B9-4AF0-830B-A10AFAEB00FC}.Debug|Any CPU.Build.0 = Debug|Any CPU
		{B49BCC49-46B9-4AF0-830B-A10AFAEB00FC}.Debug|x64.ActiveCfg = Debug|Any CPU
		{B49BCC49-46B9-4AF0-830B-A10AFAEB00FC}.Debug|x64.Build.0 = Debug|Any CPU
		{B49BCC49-46B9-4AF0-830B-A10AFAEB00FC}.Debug|x86.ActiveCfg = Debug|Any CPU
		{B49BCC49-46B9-4AF0-830B-A10AFAEB00FC}.Debug|x86.Build.0 = Debug|Any CPU
		{B49BCC49-46B9-4AF0-830B-A10AFAEB00FC}.Release|Any CPU.ActiveCfg = Release|Any CPU
		{B49BCC49-46B9-4AF0-830B-A10AFAEB00FC}.Release|Any CPU.Build.0 = Release|Any CPU
		{B49BCC49-46B9-4AF0-830B-A10AFAEB00FC}.Release|x64.ActiveCfg = Release|Any CPU
		{B49BCC49-46B9-4AF0-830B-A10AFAEB00FC}.Release|x64.Build.0 = Release|Any CPU
		{B49BCC49-46B9-4AF0-830B-A10AFAEB00FC}.Release|x86.ActiveCfg = Release|Any CPU
		{B49BCC49-46B9-4AF0-830B-A10AFAEB00FC}.Release|x86.Build.0 = Release|Any CPU
		{AB6843FC-F632-4182-84D6-5BEF513E4783}.Debug|Any CPU.ActiveCfg = Debug|Any CPU
		{AB6843FC-F632-4182-84D6-5BEF513E4783}.Debug|Any CPU.Build.0 = Debug|Any CPU
		{AB6843FC-F632-4182-84D6-5BEF513E4783}.Debug|x64.ActiveCfg = Debug|Any CPU
		{AB6843FC-F632-4182-84D6-5BEF513E4783}.Debug|x64.Build.0 = Debug|Any CPU
		{AB6843FC-F632-4182-84D6-5BEF513E4783}.Debug|x86.ActiveCfg = Debug|Any CPU
		{AB6843FC-F632-4182-84D6-5BEF513E4783}.Debug|x86.Build.0 = Debug|Any CPU
		{AB6843FC-F632-4182-84D6-5BEF513E4783}.Release|Any CPU.ActiveCfg = Release|Any CPU
		{AB6843FC-F632-4182-84D6-5BEF513E4783}.Release|Any CPU.Build.0 = Release|Any CPU
		{AB6843FC-F632-4182-84D6-5BEF513E4783}.Release|x64.ActiveCfg = Release|Any CPU
		{AB6843FC-F632-4182-84D6-5BEF513E4783}.Release|x64.Build.0 = Release|Any CPU
		{AB6843FC-F632-4182-84D6-5BEF513E4783}.Release|x86.ActiveCfg = Release|Any CPU
		{AB6843FC-F632-4182-84D6-5BEF513E4783}.Release|x86.Build.0 = Release|Any CPU
	EndGlobalSection
	GlobalSection(SolutionProperties) = preSolution
		HideSolutionNode = FALSE
	EndGlobalSection
	GlobalSection(NestedProjects) = preSolution
		{A8EBF59C-15FF-40BF-8112-5122C701A99D} = {827E0CD3-B72D-47B6-A68D-7590B98EB39B}
		{149FF6E2-A19F-4D3C-B762-11EECFCD2B9A} = {827E0CD3-B72D-47B6-A68D-7590B98EB39B}
		{D0829ECF-0742-4206-B7BC-4D308DFBBDC0} = {0AB3BF05-4346-4AA6-1389-037BE0695223}
		{7193AE3F-A458-4F16-9EFF-5C1D87844B52} = {0AB3BF05-4346-4AA6-1389-037BE0695223}
		{9DD9CA27-5873-4DB4-BA1E-8C6265A1B747} = {827E0CD3-B72D-47B6-A68D-7590B98EB39B}
		{5BD466F3-7CD2-4AC9-B103-AA2EFA8A8210} = {827E0CD3-B72D-47B6-A68D-7590B98EB39B}
		{9346C448-0B81-4348-B812-6F60E7EFE95A} = {0AB3BF05-4346-4AA6-1389-037BE0695223}
		{13D1A512-B222-4B49-9B97-6EB45B2D169D} = {0AB3BF05-4346-4AA6-1389-037BE0695223}
		{7C024123-57E4-47BC-9041-89D3CAEFFD5F} = {827E0CD3-B72D-47B6-A68D-7590B98EB39B}
		{A5642BE8-A3BA-4924-9F7A-15B3EEC7D4CA} = {0AB3BF05-4346-4AA6-1389-037BE0695223}
		{7799BBDB-4B58-42E7-9A3E-A9B64F8138A4} = {827E0CD3-B72D-47B6-A68D-7590B98EB39B}
		{0C0044D6-BDD9-456C-A471-3BAC0B00361E} = {0AB3BF05-4346-4AA6-1389-037BE0695223}
		{74CEB59B-2A64-4030-8F86-FC203524AD99} = {827E0CD3-B72D-47B6-A68D-7590B98EB39B}
		{F907710D-FDA5-4966-967E-775EB21F124C} = {0AB3BF05-4346-4AA6-1389-037BE0695223}
		{E783440E-3026-4340-9860-0692E5A013C2} = {827E0CD3-B72D-47B6-A68D-7590B98EB39B}
		{5FF00B1A-5887-42FC-8AD5-95831263EC86} = {0AB3BF05-4346-4AA6-1389-037BE0695223}
		{7FD45024-D189-4049-AC22-45D16DB1507F} = {827E0CD3-B72D-47B6-A68D-7590B98EB39B}
		{371925FB-4C14-4252-B7DB-A2394D2BCC44} = {0AB3BF05-4346-4AA6-1389-037BE0695223}
		{B49BCC49-46B9-4AF0-830B-A10AFAEB00FC} = {827E0CD3-B72D-47B6-A68D-7590B98EB39B}
		{AB6843FC-F632-4182-84D6-5BEF513E4783} = {0AB3BF05-4346-4AA6-1389-037BE0695223}
	EndGlobalSection
EndGlobal
